// !$*UTF8*$!
{
	archiveVersion = 1;
	classes = {
	};
	objectVersion = 46;
	objects = {

/* Begin PBXBuildFile section */
		F46920741D3738C900E07F69 /* AppDelegate.swift in Sources */ = {isa = PBXBuildFile; fileRef = F46920731D3738C900E07F69 /* AppDelegate.swift */; };
		F46920761D3738C900E07F69 /* ViewController.swift in Sources */ = {isa = PBXBuildFile; fileRef = F46920751D3738C900E07F69 /* ViewController.swift */; };
		F46920791D3738C900E07F69 /* Main.storyboard in Resources */ = {isa = PBXBuildFile; fileRef = F46920771D3738C900E07F69 /* Main.storyboard */; };
		F469207B1D3738C900E07F69 /* Assets.xcassets in Resources */ = {isa = PBXBuildFile; fileRef = F469207A1D3738C900E07F69 /* Assets.xcassets */; };
		F469207E1D3738C900E07F69 /* LaunchScreen.storyboard in Resources */ = {isa = PBXBuildFile; fileRef = F469207C1D3738C900E07F69 /* LaunchScreen.storyboard */; };
		F469208B1D373A4A00E07F69 /* Fabric.framework in Frameworks */ = {isa = PBXBuildFile; fileRef = F46920871D373A4A00E07F69 /* Fabric.framework */; };
		F469208C1D373A4A00E07F69 /* TwitterKit.framework in Frameworks */ = {isa = PBXBuildFile; fileRef = F46920881D373A4A00E07F69 /* TwitterKit.framework */; };
		F469208D1D373A4A00E07F69 /* TwitterKitResources.bundle in Resources */ = {isa = PBXBuildFile; fileRef = F46920891D373A4A00E07F69 /* TwitterKitResources.bundle */; };
		F469208E1D373A4A00E07F69 /* TwitterCore.framework in Frameworks */ = {isa = PBXBuildFile; fileRef = F469208A1D373A4A00E07F69 /* TwitterCore.framework */; };
/* End PBXBuildFile section */

/* Begin PBXFileReference section */
		F46920701D3738C900E07F69 /* TwitterLogin.app */ = {isa = PBXFileReference; explicitFileType = wrapper.application; includeInIndex = 0; path = TwitterLogin.app; sourceTree = BUILT_PRODUCTS_DIR; };
		F46920731D3738C900E07F69 /* AppDelegate.swift */ = {isa = PBXFileReference; lastKnownFileType = sourcecode.swift; path = AppDelegate.swift; sourceTree = "<group>"; };
		F46920751D3738C900E07F69 /* ViewController.swift */ = {isa = PBXFileReference; lastKnownFileType = sourcecode.swift; path = ViewController.swift; sourceTree = "<group>"; };
		F46920781D3738C900E07F69 /* Base */ = {isa = PBXFileReference; lastKnownFileType = file.storyboard; name = Base; path = Base.lproj/Main.storyboard; sourceTree = "<group>"; };
		F469207A1D3738C900E07F69 /* Assets.xcassets */ = {isa = PBXFileReference; lastKnownFileType = folder.assetcatalog; path = Assets.xcassets; sourceTree = "<group>"; };
		F469207D1D3738C900E07F69 /* Base */ = {isa = PBXFileReference; lastKnownFileType = file.storyboard; name = Base; path = Base.lproj/LaunchScreen.storyboard; sourceTree = "<group>"; };
		F469207F1D3738C900E07F69 /* Info.plist */ = {isa = PBXFileReference; lastKnownFileType = text.plist.xml; path = Info.plist; sourceTree = "<group>"; };
		F46920871D373A4A00E07F69 /* Fabric.framework */ = {isa = PBXFileReference; lastKnownFileType = wrapper.framework; path = Fabric.framework; sourceTree = SOURCE_ROOT; };
		F46920881D373A4A00E07F69 /* TwitterKit.framework */ = {isa = PBXFileReference; lastKnownFileType = wrapper.framework; path = TwitterKit.framework; sourceTree = SOURCE_ROOT; };
		F46920891D373A4A00E07F69 /* TwitterKitResources.bundle */ = {isa = PBXFileReference; lastKnownFileType = "wrapper.plug-in"; name = TwitterKitResources.bundle; path = TwitterKit.framework/Versions/A/Resources/TwitterKitResources.bundle; sourceTree = SOURCE_ROOT; };
		F469208A1D373A4A00E07F69 /* TwitterCore.framework */ = {isa = PBXFileReference; lastKnownFileType = wrapper.framework; path = TwitterCore.framework; sourceTree = SOURCE_ROOT; };
/* End PBXFileReference section */

/* Begin PBXFrameworksBuildPhase section */
		F469206D1D3738C900E07F69 /* Frameworks */ = {
			isa = PBXFrameworksBuildPhase;
			buildActionMask = 2147483647;
			files = (
				F469208B1D373A4A00E07F69 /* Fabric.framework in Frameworks */,
				F469208E1D373A4A00E07F69 /* TwitterCore.framework in Frameworks */,
				F469208C1D373A4A00E07F69 /* TwitterKit.framework in Frameworks */,
			);
			runOnlyForDeploymentPostprocessing = 0;
		};
/* End PBXFrameworksBuildPhase section */

/* Begin PBXGroup section */
		F46920671D3738C900E07F69 = {
			isa = PBXGroup;
			children = (
				F46920721D3738C900E07F69 /* TwitterLogin */,
				F46920711D3738C900E07F69 /* Products */,
			);
			sourceTree = "<group>";
		};
		F46920711D3738C900E07F69 /* Products */ = {
			isa = PBXGroup;
			children = (
				F46920701D3738C900E07F69 /* TwitterLogin.app */,
			);
			name = Products;
			sourceTree = "<group>";
		};
		F46920721D3738C900E07F69 /* TwitterLogin */ = {
			isa = PBXGroup;
			children = (
				F46920731D3738C900E07F69 /* AppDelegate.swift */,
				F46920751D3738C900E07F69 /* ViewController.swift */,
				F46920771D3738C900E07F69 /* Main.storyboard */,
				F469207A1D3738C900E07F69 /* Assets.xcassets */,
				F469207C1D3738C900E07F69 /* LaunchScreen.storyboard */,
				F469207F1D3738C900E07F69 /* Info.plist */,
				F46920861D373A2E00E07F69 /* Frameworks */,
			);
			path = TwitterLogin;
			sourceTree = "<group>";
		};
		F46920861D373A2E00E07F69 /* Frameworks */ = {
			isa = PBXGroup;
			children = (
				F46920871D373A4A00E07F69 /* Fabric.framework */,
				F46920881D373A4A00E07F69 /* TwitterKit.framework */,
				F46920891D373A4A00E07F69 /* TwitterKitResources.bundle */,
				F469208A1D373A4A00E07F69 /* TwitterCore.framework */,
			);
			name = Frameworks;
			sourceTree = "<group>";
		};
/* End PBXGroup section */

/* Begin PBXNativeTarget section */
		F469206F1D3738C900E07F69 /* TwitterLogin */ = {
			isa = PBXNativeTarget;
			buildConfigurationList = F46920821D3738C900E07F69 /* Build configuration list for PBXNativeTarget "TwitterLogin" */;
			buildPhases = (
				F469206C1D3738C900E07F69 /* Sources */,
				F469206D1D3738C900E07F69 /* Frameworks */,
				F469206E1D3738C900E07F69 /* Resources */,
				F46920851D3739F600E07F69 /* ShellScript */,
			);
			buildRules = (
			);
			dependencies = (
			);
			name = TwitterLogin;
			productName = TwitterLogin;
			productReference = F46920701D3738C900E07F69 /* TwitterLogin.app */;
			productType = "com.apple.product-type.application";
		};
/* End PBXNativeTarget section */

/* Begin PBXProject section */
		F46920681D3738C900E07F69 /* Project object */ = {
			isa = PBXProject;
			attributes = {
				LastSwiftUpdateCheck = 0730;
				LastUpgradeCheck = 0730;
				ORGANIZATIONNAME = TakuNishimura;
				TargetAttributes = {
					F469206F1D3738C900E07F69 = {
						CreatedOnToolsVersion = 7.3;
					};
				};
			};
			buildConfigurationList = F469206B1D3738C900E07F69 /* Build configuration list for PBXProject "TwitterLogin" */;
			compatibilityVersion = "Xcode 3.2";
			developmentRegion = English;
			hasScannedForEncodings = 0;
			knownRegions = (
				en,
				Base,
			);
			mainGroup = F46920671D3738C900E07F69;
			productRefGroup = F46920711D3738C900E07F69 /* Products */;
			projectDirPath = "";
			projectRoot = "";
			targets = (
				F469206F1D3738C900E07F69 /* TwitterLogin */,
			);
		};
/* End PBXProject section */

/* Begin PBXResourcesBuildPhase section */
		F469206E1D3738C900E07F69 /* Resources */ = {
			isa = PBXResourcesBuildPhase;
			buildActionMask = 2147483647;
			files = (
				F469208D1D373A4A00E07F69 /* TwitterKitResources.bundle in Resources */,
				F469207E1D3738C900E07F69 /* LaunchScreen.storyboard in Resources */,
				F469207B1D3738C900E07F69 /* Assets.xcassets in Resources */,
				F46920791D3738C900E07F69 /* Main.storyboard in Resources */,
			);
			runOnlyForDeploymentPostprocessing = 0;
		};
/* End PBXResourcesBuildPhase section */

/* Begin PBXShellScriptBuildPhase section */
		F46920851D3739F600E07F69 /* ShellScript */ = {
			isa = PBXShellScriptBuildPhase;
			buildActionMask = 2147483647;
			files = (
			);
			inputPaths = (
			);
			outputPaths = (
			);
			runOnlyForDeploymentPostprocessing = 0;
			shellPath = /bin/sh;
			shellScript = "./Fabric.framework/run 5cb86bec2868b75cac44fa8778b245495c728810 c3cd3de84043ec0e1e4b38b667a2d9d413bc1937ede4b075e230a55ef202daf4";
		};
/* End PBXShellScriptBuildPhase section */

/* Begin PBXSourcesBuildPhase section */
		F469206C1D3738C900E07F69 /* Sources */ = {
			isa = PBXSourcesBuildPhase;
			buildActionMask = 2147483647;
			files = (
				F46920761D3738C900E07F69 /* ViewController.swift in Sources */,
				F46920741D3738C900E07F69 /* AppDelegate.swift in Sources */,
			);
			runOnlyForDeploymentPostprocessing = 0;
		};
/* End PBXSourcesBuildPhase section */

/* Begin PBXVariantGroup section */
		F46920771D3738C900E07F69 /* Main.storyboard */ = {
			isa = PBXVariantGroup;
			children = (
				F46920781D3738C900E07F69 /* Base */,
			);
			name = Main.storyboard;
			sourceTree = "<group>";
		};
		F469207C1D3738C900E07F69 /* LaunchScreen.storyboard */ = {
			isa = PBXVariantGroup;
			children = (
				F469207D1D3738C900E07F69 /* Base */,
			);
			name = LaunchScreen.storyboard;
			sourceTree = "<group>";
		};
/* End PBXVariantGroup section */

/* Begin XCBuildConfiguration section */
		F46920801D3738C900E07F69 /* Debug */ = {
			isa = XCBuildConfiguration;
			buildSettings = {
				ALWAYS_SEARCH_USER_PATHS = NO;
				CLANG_ANALYZER_NONNULL = YES;
				CLANG_CXX_LANGUAGE_STANDARD = "gnu++0x";
				CLANG_CXX_LIBRARY = "libc++";
				CLANG_ENABLE_MODULES = YES;
				CLANG_ENABLE_OBJC_ARC = YES;
				CLANG_WARN_BOOL_CONVERSION = YES;
				CLANG_WARN_CONSTANT_CONVERSION = YES;
				CLANG_WARN_DIRECT_OBJC_ISA_USAGE = YES_ERROR;
				CLANG_WARN_EMPTY_BODY = YES;
				CLANG_WARN_ENUM_CONVERSION = YES;
				CLANG_WARN_INT_CONVERSION = YES;
				CLANG_WARN_OBJC_ROOT_CLASS = YES_ERROR;
				CLANG_WARN_UNREACHABLE_CODE = YES;
				CLANG_WARN__DUPLICATE_METHOD_MATCH = YES;
				"CODE_SIGN_IDENTITY[sdk=iphoneos*]" = "iPhone Developer";
				COPY_PHASE_STRIP = NO;
				DEBUG_INFORMATION_FORMAT = dwarf;
				ENABLE_STRICT_OBJC_MSGSEND = YES;
				ENABLE_TESTABILITY = YES;
				GCC_C_LANGUAGE_STANDARD = gnu99;
				GCC_DYNAMIC_NO_PIC = NO;
				GCC_NO_COMMON_BLOCKS = YES;
				GCC_OPTIMIZATION_LEVEL = 0;
				GCC_PREPROCESSOR_DEFINITIONS = (
					"DEBUG=1",
					"$(inherited)",
				);
				GCC_WARN_64_TO_32_BIT_CONVERSION = YES;
				GCC_WARN_ABOUT_RETURN_TYPE = YES_ERROR;
				GCC_WARN_UNDECLARED_SELECTOR = YES;
				GCC_WARN_UNINITIALIZED_AUTOS = YES_AGGRESSIVE;
				GCC_WARN_UNUSED_FUNCTION = YES;
				GCC_WARN_UNUSED_VARIABLE = YES;
				IPHONEOS_DEPLOYMENT_TARGET = 9.3;
				MTL_ENABLE_DEBUG_INFO = YES;
				ONLY_ACTIVE_ARCH = YES;
				SDKROOT = iphoneos;
				SWIFT_OPTIMIZATION_LEVEL = "-Onone";
			};
			name = Debug;
		};
		F46920811D3738C900E07F69 /* Release */ = {
			isa = XCBuildConfiguration;
			buildSettings = {
				ALWAYS_SEARCH_USER_PATHS = NO;
				CLANG_ANALYZER_NONNULL = YES;
				CLANG_CXX_LANGUAGE_STANDARD = "gnu++0x";
				CLANG_CXX_LIBRARY = "libc++";
				CLANG_ENABLE_MODULES = YES;
				CLANG_ENABLE_OBJC_ARC = YES;
				CLANG_WARN_BOOL_CONVERSION = YES;
				CLANG_WARN_CONSTANT_CONVERSION = YES;
				CLANG_WARN_DIRECT_OBJC_ISA_USAGE = YES_ERROR;
				CLANG_WARN_EMPTY_BODY = YES;
				CLANG_WARN_ENUM_CONVERSION = YES;
				CLANG_WARN_INT_CONVERSION = YES;
				CLANG_WARN_OBJC_ROOT_CLASS = YES_ERROR;
				CLANG_WARN_UNREACHABLE_CODE = YES;
				CLANG_WARN__DUPLICATE_METHOD_MATCH = YES;
				"CODE_SIGN_IDENTITY[sdk=iphoneos*]" = "iPhone Developer";
				COPY_PHASE_STRIP = NO;
				DEBUG_INFORMATION_FORMAT = "dwarf-with-dsym";
				ENABLE_NS_ASSERTIONS = NO;
				ENABLE_STRICT_OBJC_MSGSEND = YES;
				GCC_C_LANGUAGE_STANDARD = gnu99;
				GCC_NO_COMMON_BLOCKS = YES;
				GCC_WARN_64_TO_32_BIT_CONVERSION = YES;
				GCC_WARN_ABOUT_RETURN_TYPE = YES_ERROR;
				GCC_WARN_UNDECLARED_SELECTOR = YES;
				GCC_WARN_UNINITIALIZED_AUTOS = YES_AGGRESSIVE;
				GCC_WARN_UNUSED_FUNCTION = YES;
				GCC_WARN_UNUSED_VARIABLE = YES;
				IPHONEOS_DEPLOYMENT_TARGET = 9.3;
				MTL_ENABLE_DEBUG_INFO = NO;
				SDKROOT = iphoneos;
				VALIDATE_PRODUCT = YES;
			};
			name = Release;
		};
		F46920831D3738C900E07F69 /* Debug */ = {
			isa = XCBuildConfiguration;
			buildSettings = {
				ASSETCATALOG_COMPILER_APPICON_NAME = AppIcon;
				FRAMEWORK_SEARCH_PATHS = (
					"$(inherited)",
					"$(PROJECT_DIR)",
				);
				INFOPLIST_FILE = TwitterLogin/Info.plist;
				LD_RUNPATH_SEARCH_PATHS = "$(inherited) @executable_path/Frameworks";
				PRODUCT_BUNDLE_IDENTIFIER = com.taktem.TwitterLogin;
				PRODUCT_NAME = "$(TARGET_NAME)";
			};
			name = Debug;
		};
		F46920841D3738C900E07F69 /* Release */ = {
			isa = XCBuildConfiguration;
			buildSettings = {
				ASSETCATALOG_COMPILER_APPICON_NAME = AppIcon;
				FRAMEWORK_SEARCH_PATHS = (
					"$(inherited)",
					"$(PROJECT_DIR)",
				);
				INFOPLIST_FILE = TwitterLogin/Info.plist;
				LD_RUNPATH_SEARCH_PATHS = "$(inherited) @executable_path/Frameworks";
				PRODUCT_BUNDLE_IDENTIFIER = com.taktem.TwitterLogin;
				PRODUCT_NAME = "$(TARGET_NAME)";
			};
			name = Release;
		};
/* End XCBuildConfiguration section */

/* Begin XCConfigurationList section */
		F469206B1D3738C900E07F69 /* Build configuration list for PBXProject "TwitterLogin" */ = {
			isa = XCConfigurationList;
			buildConfigurations = (
				F46920801D3738C900E07F69 /* Debug */,
				F46920811D3738C900E07F69 /* Release */,
			);
			defaultConfigurationIsVisible = 0;
			defaultConfigurationName = Release;
		};
		F46920821D3738C900E07F69 /* Build configuration list for PBXNativeTarget "TwitterLogin" */ = {
			isa = XCConfigurationList;
			buildConfigurations = (
				F46920831D3738C900E07F69 /* Debug */,
				F46920841D3738C900E07F69 /* Release */,
			);
			defaultConfigurationIsVisible = 0;
			defaultConfigurationName = Release;
		};
/* End XCConfigurationList section */
	};
	rootObject = F46920681D3738C900E07F69 /* Project object */;
}
